
Microsoft Visual Studio Solution File, Format Version 12.00
# Visual Studio 15
Project("{FAE04EC0-301F-11D3-BF4B-00C04F79EFBC}") = "PhotonUnityNetworking.Demos", "PhotonUnityNetworking.Demos.csproj", "{4EB1284C-9C55-313E-0625-5797EF932A43}"
EndProject
Project("{FAE04EC0-301F-11D3-BF4B-00C04F79EFBC}") = "PhotonUnityNetworking.Utilities", "PhotonUnityNetworking.Utilities.csproj", "{C454CF3B-054A-6020-CF09-6AF2DB0B7221}"
EndProject
Project("{FAE04EC0-301F-11D3-BF4B-00C04F79EFBC}") = "PhotonChat", "PhotonChat.csproj", "{EC0637BB-531D-6508-E6CB-78EEB0B8A6DA}"
EndProject
Project("{FAE04EC0-301F-11D3-BF4B-00C04F79EFBC}") = "PhotonUnityNetworking", "PhotonUnityNetworking.csproj", "{FAAE864D-4D19-EFE3-CDD4-A7472508C8FD}"
EndProject
Project("{FAE04EC0-301F-11D3-BF4B-00C04F79EFBC}") = "Assembly-CSharp", "Assembly-CSharp.csproj", "{581AC999-E080-CD84-A81D-69A580730CBA}"
EndProject
Project("{FAE04EC0-301F-11D3-BF4B-00C04F79EFBC}") = "PhotonRealtime", "PhotonRealtime.csproj", "{274D414E-D390-E156-D2F8-8F879099D73B}"
EndProject
Project("{FAE04EC0-301F-11D3-BF4B-00C04F79EFBC}") = "PhotonWebSocket", "PhotonWebSocket.csproj", "{F4F0B316-9D0F-ED8D-286B-F7ABAA16C635}"
EndProject
Project("{FAE04EC0-301F-11D3-BF4B-00C04F79EFBC}") = "PhotonUnityNetworking.Editor", "PhotonUnityNetworking.Editor.csproj", "{859712FB-5FD6-52C3-D61A-E6759B76BC63}"
EndProject
Project("{FAE04EC0-301F-11D3-BF4B-00C04F79EFBC}") = "PunDemos.DemoHubEditor", "PunDemos.DemoHubEditor.csproj", "{E47528A8-B32A-1EB4-13BE-6DFE92F5D2FD}"
EndProject
Project("{FAE04EC0-301F-11D3-BF4B-00C04F79EFBC}") = "PhotonUnityNetworking.Utilities.PhotonPlayer.Editor", "PhotonUnityNetworking.Utilities.PhotonPlayer.Editor.csproj", "{74087A8F-2E29-B105-B939-301FD07EC0BA}"
EndProject
Project("{FAE04EC0-301F-11D3-BF4B-00C04F79EFBC}") = "PhotonUnityNetworking.Utilities.Culling.Editor", "PhotonUnityNetworking.Utilities.Culling.Editor.csproj", "{95CCEFD6-815F-865B-320A-97E037D94D7D}"
EndProject
Project("{FAE04EC0-301F-11D3-BF4B-00C04F79EFBC}") = "PunDemos.DemoSlotcarEditor", "PunDemos.DemoSlotcarEditor.csproj", "{5E714114-4CCD-7FA8-70BB-6A95479FC453}"
EndProject
Global
	GlobalSection(SolutionConfigurationPlatforms) = preSolution
		Debug|Any CPU = Debug|Any CPU
		Release|Any CPU = Release|Any CPU
	EndGlobalSection
	GlobalSection(ProjectConfigurationPlatforms) = postSolution
		{4EB1284C-9C55-313E-0625-5797EF932A43}.Debug|Any CPU.ActiveCfg = Debug|Any CPU
		{4EB1284C-9C55-313E-0625-5797EF932A43}.Debug|Any CPU.Build.0 = Debug|Any CPU
		{4EB1284C-9C55-313E-0625-5797EF932A43}.Release|Any CPU.ActiveCfg = Release|Any CPU
		{4EB1284C-9C55-313E-0625-5797EF932A43}.Release|Any CPU.Build.0 = Release|Any CPU
		{C454CF3B-054A-6020-CF09-6AF2DB0B7221}.Debug|Any CPU.ActiveCfg = Debug|Any CPU
		{C454CF3B-054A-6020-CF09-6AF2DB0B7221}.Debug|Any CPU.Build.0 = Debug|Any CPU
		{C454CF3B-054A-6020-CF09-6AF2DB0B7221}.Release|Any CPU.ActiveCfg = Release|Any CPU
		{C454CF3B-054A-6020-CF09-6AF2DB0B7221}.Release|Any CPU.Build.0 = Release|Any CPU
		{EC0637BB-531D-6508-E6CB-78EEB0B8A6DA}.Debug|Any CPU.ActiveCfg = Debug|Any CPU
		{EC0637BB-531D-6508-E6CB-78EEB0B8A6DA}.Debug|Any CPU.Build.0 = Debug|Any CPU
		{EC0637BB-531D-6508-E6CB-78EEB0B8A6DA}.Release|Any CPU.ActiveCfg = Release|Any CPU
		{EC0637BB-531D-6508-E6CB-78EEB0B8A6DA}.Release|Any CPU.Build.0 = Release|Any CPU
		{FAAE864D-4D19-EFE3-CDD4-A7472508C8FD}.Debug|Any CPU.ActiveCfg = Debug|Any CPU
		{FAAE864D-4D19-EFE3-CDD4-A7472508C8FD}.Debug|Any CPU.Build.0 = Debug|Any CPU
		{FAAE864D-4D19-EFE3-CDD4-A7472508C8FD}.Release|Any CPU.ActiveCfg = Release|Any CPU
		{FAAE864D-4D19-EFE3-CDD4-A7472508C8FD}.Release|Any CPU.Build.0 = Release|Any CPU
		{581AC999-E080-CD84-A81D-69A580730CBA}.Debug|Any CPU.ActiveCfg = Debug|Any CPU
		{581AC999-E080-CD84-A81D-69A580730CBA}.Debug|Any CPU.Build.0 = Debug|Any CPU
		{581AC999-E080-CD84-A81D-69A580730CBA}.Release|Any CPU.ActiveCfg = Release|Any CPU
		{581AC999-E080-CD84-A81D-69A580730CBA}.Release|Any CPU.Build.0 = Release|Any CPU
		{274D414E-D390-E156-D2F8-8F879099D73B}.Debug|Any CPU.ActiveCfg = Debug|Any CPU
		{274D414E-D390-E156-D2F8-8F879099D73B}.Debug|Any CPU.Build.0 = Debug|Any CPU
		{274D414E-D390-E156-D2F8-8F879099D73B}.Release|Any CPU.ActiveCfg = Release|Any CPU
		{274D414E-D390-E156-D2F8-8F879099D73B}.Release|Any CPU.Build.0 = Release|Any CPU
		{F4F0B316-9D0F-ED8D-286B-F7ABAA16C635}.Debug|Any CPU.ActiveCfg = Debug|Any CPU
		{F4F0B316-9D0F-ED8D-286B-F7ABAA16C635}.Debug|Any CPU.Build.0 = Debug|Any CPU
		{F4F0B316-9D0F-ED8D-286B-F7ABAA16C635}.Release|Any CPU.ActiveCfg = Release|Any CPU
		{F4F0B316-9D0F-ED8D-286B-F7ABAA16C635}.Release|Any CPU.Build.0 = Release|Any CPU
		{859712FB-5FD6-52C3-D61A-E6759B76BC63}.Debug|Any CPU.ActiveCfg = Debug|Any CPU
		{859712FB-5FD6-52C3-D61A-E6759B76BC63}.Debug|Any CPU.Build.0 = Debug|Any CPU
		{859712FB-5FD6-52C3-D61A-E6759B76BC63}.Release|Any CPU.ActiveCfg = Release|Any CPU
		{859712FB-5FD6-52C3-D61A-E6759B76BC63}.Release|Any CPU.Build.0 = Release|Any CPU
		{E47528A8-B32A-1EB4-13BE-6DFE92F5D2FD}.Debug|Any CPU.ActiveCfg = Debug|Any CPU
		{E47528A8-B32A-1EB4-13BE-6DFE92F5D2FD}.Debug|Any CPU.Build.0 = Debug|Any CPU
		{E47528A8-B32A-1EB4-13BE-6DFE92F5D2FD}.Release|Any CPU.ActiveCfg = Release|Any CPU
		{E47528A8-B32A-1EB4-13BE-6DFE92F5D2FD}.Release|Any CPU.Build.0 = Release|Any CPU
		{74087A8F-2E29-B105-B939-301FD07EC0BA}.Debug|Any CPU.ActiveCfg = Debug|Any CPU
		{74087A8F-2E29-B105-B939-301FD07EC0BA}.Debug|Any CPU.Build.0 = Debug|Any CPU
		{74087A8F-2E29-B105-B939-301FD07EC0BA}.Release|Any CPU.ActiveCfg = Release|Any CPU
		{74087A8F-2E29-B105-B939-301FD07EC0BA}.Release|Any CPU.Build.0 = Release|Any CPU
		{95CCEFD6-815F-865B-320A-97E037D94D7D}.Debug|Any CPU.ActiveCfg = Debug|Any CPU
		{95CCEFD6-815F-865B-320A-97E037D94D7D}.Debug|Any CPU.Build.0 = Debug|Any CPU
		{95CCEFD6-815F-865B-320A-97E037D94D7D}.Release|Any CPU.ActiveCfg = Release|Any CPU
		{95CCEFD6-815F-865B-320A-97E037D94D7D}.Release|Any CPU.Build.0 = Release|Any CPU
		{5E714114-4CCD-7FA8-70BB-6A95479FC453}.Debug|Any CPU.ActiveCfg = Debug|Any CPU
		{5E714114-4CCD-7FA8-70BB-6A95479FC453}.Debug|Any CPU.Build.0 = Debug|Any CPU
		{5E714114-4CCD-7FA8-70BB-6A95479FC453}.Release|Any CPU.ActiveCfg = Release|Any CPU
		{5E714114-4CCD-7FA8-70BB-6A95479FC453}.Release|Any CPU.Build.0 = Release|Any CPU
	EndGlobalSection
	GlobalSection(SolutionProperties) = preSolution
		HideSolutionNode = FALSE
	EndGlobalSection
EndGlobal
